
Microsoft Visual Studio Solution File, Format Version 12.00
# Visual Studio 14
VisualStudioVersion = 14.0.25420.1
MinimumVisualStudioVersion = 10.0.40219.1
Project("{FAE04EC0-301F-11D3-BF4B-00C04F79EFBC}") = "Practia.Bar.Model", "Practia.Bar.Model.csproj", "{02D70F0E-A050-4EAF-8BEC-8E68A00A7658}"
EndProject
Project("{FAE04EC0-301F-11D3-BF4B-00C04F79EFBC}") = "Practia.Bar.App", "..\Practia.Bar.App\Practia.Bar.App.csproj", "{D74D5347-8C58-4337-A839-AE74C01067DB}"
EndProject
Project("{FAE04EC0-301F-11D3-BF4B-00C04F79EFBC}") = "Practia.Bar.WindowsApp", "..\Practia.Bar.WindowsApp\Practia.Bar.WindowsApp.csproj", "{FEC2C349-C939-4041-A2CA-8F2FC5699C4E}"
EndProject
Global
	GlobalSection(SolutionConfigurationPlatforms) = preSolution
		Debug|Any CPU = Debug|Any CPU
		Release|Any CPU = Release|Any CPU
	EndGlobalSection
	GlobalSection(ProjectConfigurationPlatforms) = postSolution
		{02D70F0E-A050-4EAF-8BEC-8E68A00A7658}.Debug|Any CPU.ActiveCfg = Debug|Any CPU
		{02D70F0E-A050-4EAF-8BEC-8E68A00A7658}.Debug|Any CPU.Build.0 = Debug|Any CPU
		{02D70F0E-A050-4EAF-8BEC-8E68A00A7658}.Release|Any CPU.ActiveCfg = Release|Any CPU
		{02D70F0E-A050-4EAF-8BEC-8E68A00A7658}.Release|Any CPU.Build.0 = Release|Any CPU
		{D74D5347-8C58-4337-A839-AE74C01067DB}.Debug|Any CPU.ActiveCfg = Debug|Any CPU
		{D74D5347-8C58-4337-A839-AE74C01067DB}.Debug|Any CPU.Build.0 = Debug|Any CPU
		{D74D5347-8C58-4337-A839-AE74C01067DB}.Release|Any CPU.ActiveCfg = Release|Any CPU
		{D74D5347-8C58-4337-A839-AE74C01067DB}.Release|Any CPU.Build.0 = Release|Any CPU
		{FEC2C349-C939-4041-A2CA-8F2FC5699C4E}.Debug|Any CPU.ActiveCfg = Debug|Any CPU
		{FEC2C349-C939-4041-A2CA-8F2FC5699C4E}.Debug|Any CPU.Build.0 = Debug|Any CPU
		{FEC2C349-C939-4041-A2CA-8F2FC5699C4E}.Release|Any CPU.ActiveCfg = Release|Any CPU
		{FEC2C349-C939-4041-A2CA-8F2FC5699C4E}.Release|Any CPU.Build.0 = Release|Any CPU
	EndGlobalSection
	GlobalSection(SolutionProperties) = preSolution
		HideSolutionNode = FALSE
	EndGlobalSection
EndGlobal
